
Microsoft Visual Studio Solution File, Format Version 12.00
# Visual Studio 15
VisualStudioVersion = 15.0.27428.2015
MinimumVisualStudioVersion = 10.0.40219.1
Project("{FAE04EC0-301F-11D3-BF4B-00C04F79EFBC}") = "CollectionLib", "CollectionLib\CollectionLib.csproj", "{A543122C-FD13-4DE5-8242-763C9194DBCA}"
EndProject
Global
	GlobalSection(SolutionConfigurationPlatforms) = preSolution
		Debug|Any CPU = Debug|Any CPU
		Release|Any CPU = Release|Any CPU
	EndGlobalSection
	GlobalSection(ProjectConfigurationPlatforms) = postSolution
		{A543122C-FD13-4DE5-8242-763C9194DBCA}.Debug|Any CPU.ActiveCfg = Debug|Any CPU
		{A543122C-FD13-4DE5-8242-763C9194DBCA}.Debug|Any CPU.Build.0 = Debug|Any CPU
		{A543122C-FD13-4DE5-8242-763C9194DBCA}.Release|Any CPU.ActiveCfg = Release|Any CPU
		{A543122C-FD13-4DE5-8242-763C9194DBCA}.Release|Any CPU.Build.0 = Release|Any CPU
	EndGlobalSection
	GlobalSection(SolutionProperties) = preSolution
		HideSolutionNode = FALSE
	EndGlobalSection
	GlobalSection(ExtensibilityGlobals) = postSolution
		SolutionGuid = {1FC49C31-A182-412B-B167-21F6D919B53B}
	EndGlobalSection
EndGlobal
