
Microsoft Visual Studio Solution File, Format Version 12.00
# Visual Studio 15
VisualStudioVersion = 15.0.27130.2010
MinimumVisualStudioVersion = 10.0.40219.1
Project("{FAE04EC0-301F-11D3-BF4B-00C04F79EFBC}") = "lab5", "lab5\lab5.csproj", "{7A734B1B-8BD9-401D-9B7E-CEED11C4E141}"
EndProject
Global
	GlobalSection(SolutionConfigurationPlatforms) = preSolution
		Debug|Any CPU = Debug|Any CPU
		Release|Any CPU = Release|Any CPU
	EndGlobalSection
	GlobalSection(ProjectConfigurationPlatforms) = postSolution
		{7A734B1B-8BD9-401D-9B7E-CEED11C4E141}.Debug|Any CPU.ActiveCfg = Debug|Any CPU
		{7A734B1B-8BD9-401D-9B7E-CEED11C4E141}.Debug|Any CPU.Build.0 = Debug|Any CPU
		{7A734B1B-8BD9-401D-9B7E-CEED11C4E141}.Release|Any CPU.ActiveCfg = Release|Any CPU
		{7A734B1B-8BD9-401D-9B7E-CEED11C4E141}.Release|Any CPU.Build.0 = Release|Any CPU
	EndGlobalSection
	GlobalSection(SolutionProperties) = preSolution
		HideSolutionNode = FALSE
	EndGlobalSection
	GlobalSection(ExtensibilityGlobals) = postSolution
		SolutionGuid = {192AF620-5228-4B0F-A869-500C9065A818}
	EndGlobalSection
EndGlobal
