
Microsoft Visual Studio Solution File, Format Version 12.00
# Visual Studio 15
VisualStudioVersion = 15.0.27004.2005
MinimumVisualStudioVersion = 10.0.40219.1
Project("{FAE04EC0-301F-11D3-BF4B-00C04F79EFBC}") = "lab3", "lab3\lab3.csproj", "{F3731E91-A798-448D-BE99-3C33524FEF7B}"
EndProject
Global
	GlobalSection(SolutionConfigurationPlatforms) = preSolution
		Debug|Any CPU = Debug|Any CPU
		Release|Any CPU = Release|Any CPU
	EndGlobalSection
	GlobalSection(ProjectConfigurationPlatforms) = postSolution
		{F3731E91-A798-448D-BE99-3C33524FEF7B}.Debug|Any CPU.ActiveCfg = Debug|Any CPU
		{F3731E91-A798-448D-BE99-3C33524FEF7B}.Debug|Any CPU.Build.0 = Debug|Any CPU
		{F3731E91-A798-448D-BE99-3C33524FEF7B}.Release|Any CPU.ActiveCfg = Release|Any CPU
		{F3731E91-A798-448D-BE99-3C33524FEF7B}.Release|Any CPU.Build.0 = Release|Any CPU
	EndGlobalSection
	GlobalSection(SolutionProperties) = preSolution
		HideSolutionNode = FALSE
	EndGlobalSection
	GlobalSection(ExtensibilityGlobals) = postSolution
		SolutionGuid = {0EF8B0CD-1295-486C-BF37-C0CB1D724C33}
	EndGlobalSection
EndGlobal
